
Microsoft Visual Studio Solution File, Format Version 12.00
# Visual Studio 15
VisualStudioVersion = 15.0.27130.2010
MinimumVisualStudioVersion = 10.0.40219.1
Project("{FAE04EC0-301F-11D3-BF4B-00C04F79EFBC}") = "API", "API\API.csproj", "{21DC02DD-0D72-44DB-B3B0-2A95E64C9408}"
EndProject
Global
	GlobalSection(SolutionConfigurationPlatforms) = preSolution
		Debug|Any CPU = Debug|Any CPU
		Release|Any CPU = Release|Any CPU
	EndGlobalSection
	GlobalSection(ProjectConfigurationPlatforms) = postSolution
		{21DC02DD-0D72-44DB-B3B0-2A95E64C9408}.Debug|Any CPU.ActiveCfg = Debug|Any CPU
		{21DC02DD-0D72-44DB-B3B0-2A95E64C9408}.Debug|Any CPU.Build.0 = Debug|Any CPU
		{21DC02DD-0D72-44DB-B3B0-2A95E64C9408}.Release|Any CPU.ActiveCfg = Release|Any CPU
		{21DC02DD-0D72-44DB-B3B0-2A95E64C9408}.Release|Any CPU.Build.0 = Release|Any CPU
	EndGlobalSection
	GlobalSection(SolutionProperties) = preSolution
		HideSolutionNode = FALSE
	EndGlobalSection
	GlobalSection(ExtensibilityGlobals) = postSolution
		SolutionGuid = {C9203E15-382D-4879-9BEE-A5059528508E}
	EndGlobalSection
EndGlobal
